
Microsoft Visual Studio Solution File, Format Version 12.00
# Visual Studio 14
VisualStudioVersion = 14.0.25420.1
MinimumVisualStudioVersion = 10.0.40219.1
Project("{FAE04EC0-301F-11D3-BF4B-00C04F79EFBC}") = "Surfer", "Surfer\Surfer.csproj", "{6F6DE279-7DD5-484C-8CB9-7E8F10321793}"
EndProject
Project("{FAE04EC0-301F-11D3-BF4B-00C04F79EFBC}") = "SurferTests", "SurferTests\SurferTests.csproj", "{BC776730-9685-4457-9704-40996BCC3EDD}"
EndProject
Global
	GlobalSection(SolutionConfigurationPlatforms) = preSolution
		Debug|Any CPU = Debug|Any CPU
		Release|Any CPU = Release|Any CPU
	EndGlobalSection
	GlobalSection(ProjectConfigurationPlatforms) = postSolution
		{6F6DE279-7DD5-484C-8CB9-7E8F10321793}.Debug|Any CPU.ActiveCfg = Debug|Any CPU
		{6F6DE279-7DD5-484C-8CB9-7E8F10321793}.Debug|Any CPU.Build.0 = Debug|Any CPU
		{6F6DE279-7DD5-484C-8CB9-7E8F10321793}.Release|Any CPU.ActiveCfg = Release|Any CPU
		{6F6DE279-7DD5-484C-8CB9-7E8F10321793}.Release|Any CPU.Build.0 = Release|Any CPU
		{BC776730-9685-4457-9704-40996BCC3EDD}.Debug|Any CPU.ActiveCfg = Debug|Any CPU
		{BC776730-9685-4457-9704-40996BCC3EDD}.Debug|Any CPU.Build.0 = Debug|Any CPU
		{BC776730-9685-4457-9704-40996BCC3EDD}.Release|Any CPU.ActiveCfg = Release|Any CPU
		{BC776730-9685-4457-9704-40996BCC3EDD}.Release|Any CPU.Build.0 = Release|Any CPU
	EndGlobalSection
	GlobalSection(SolutionProperties) = preSolution
		HideSolutionNode = FALSE
	EndGlobalSection
EndGlobal
